
Microsoft Visual Studio Solution File, Format Version 12.00
# Visual Studio 15
VisualStudioVersion = 15.0.28307.1259
MinimumVisualStudioVersion = 10.0.40219.1
Project("{FAE04EC0-301F-11D3-BF4B-00C04F79EFBC}") = "TrayPing", "TrayPing\TrayPing.csproj", "{E51BDB53-4A72-4756-ADDC-3518C8B5FBD0}"
EndProject
Project("{FAE04EC0-301F-11D3-BF4B-00C04F79EFBC}") = "wfPingHost", "wfPingHost\wfPingHost.csproj", "{4D660B8C-BFD7-4197-AFCB-4DBF8301CBA4}"
EndProject
Global
	GlobalSection(SolutionConfigurationPlatforms) = preSolution
		Debug|Any CPU = Debug|Any CPU
		Release|Any CPU = Release|Any CPU
	EndGlobalSection
	GlobalSection(ProjectConfigurationPlatforms) = postSolution
		{E51BDB53-4A72-4756-ADDC-3518C8B5FBD0}.Debug|Any CPU.ActiveCfg = Debug|Any CPU
		{E51BDB53-4A72-4756-ADDC-3518C8B5FBD0}.Debug|Any CPU.Build.0 = Debug|Any CPU
		{E51BDB53-4A72-4756-ADDC-3518C8B5FBD0}.Release|Any CPU.ActiveCfg = Release|Any CPU
		{E51BDB53-4A72-4756-ADDC-3518C8B5FBD0}.Release|Any CPU.Build.0 = Release|Any CPU
		{4D660B8C-BFD7-4197-AFCB-4DBF8301CBA4}.Debug|Any CPU.ActiveCfg = Debug|Any CPU
		{4D660B8C-BFD7-4197-AFCB-4DBF8301CBA4}.Debug|Any CPU.Build.0 = Debug|Any CPU
		{4D660B8C-BFD7-4197-AFCB-4DBF8301CBA4}.Release|Any CPU.ActiveCfg = Release|Any CPU
		{4D660B8C-BFD7-4197-AFCB-4DBF8301CBA4}.Release|Any CPU.Build.0 = Release|Any CPU
	EndGlobalSection
	GlobalSection(SolutionProperties) = preSolution
		HideSolutionNode = FALSE
	EndGlobalSection
	GlobalSection(ExtensibilityGlobals) = postSolution
		SolutionGuid = {28BBEE01-9B14-4E5C-A8D9-50AD72907612}
	EndGlobalSection
EndGlobal
